
Microsoft Visual Studio Solution File, Format Version 12.00
# Visual Studio Version 17
VisualStudioVersion = 17.6.33829.357
MinimumVisualStudioVersion = 10.0.40219.1
Project("{9A19103F-16F7-4668-BE54-9A1E7A4F7556}") = "BasicInterop", "BasicInterop.csproj", "{F037C009-B755-4689-AA17-BCD877AD76A7}"
EndProject
Global
	GlobalSection(SolutionConfigurationPlatforms) = preSolution
		Debug|Any CPU = Debug|Any CPU
		Release|Any CPU = Release|Any CPU
	EndGlobalSection
	GlobalSection(ProjectConfigurationPlatforms) = postSolution
		{F037C009-B755-4689-AA17-BCD877AD76A7}.Debug|Any CPU.ActiveCfg = Debug|Any CPU
		{F037C009-B755-4689-AA17-BCD877AD76A7}.Debug|Any CPU.Build.0 = Debug|Any CPU
		{F037C009-B755-4689-AA17-BCD877AD76A7}.Release|Any CPU.ActiveCfg = Release|Any CPU
		{F037C009-B755-4689-AA17-BCD877AD76A7}.Release|Any CPU.Build.0 = Release|Any CPU
	EndGlobalSection
	GlobalSection(SolutionProperties) = preSolution
		HideSolutionNode = FALSE
	EndGlobalSection
	GlobalSection(ExtensibilityGlobals) = postSolution
		SolutionGuid = {3D5E10A8-CF86-4D35-94C6-0B1803112B93}
	EndGlobalSection
EndGlobal
