
Microsoft Visual Studio Solution File, Format Version 12.00
# Visual Studio Version 17
VisualStudioVersion = 17.8.34316.72
MinimumVisualStudioVersion = 10.0.40219.1
Project("{FAE04EC0-301F-11D3-BF4B-00C04F79EFBC}") = "COMApartments", "COMApartments.csproj", "{740FDC8E-3CF3-453A-B9FF-D331F79FC5B0}"
EndProject
Global
	GlobalSection(SolutionConfigurationPlatforms) = preSolution
		Debug|Any CPU = Debug|Any CPU
		Release|Any CPU = Release|Any CPU
	EndGlobalSection
	GlobalSection(ProjectConfigurationPlatforms) = postSolution
		{740FDC8E-3CF3-453A-B9FF-D331F79FC5B0}.Debug|Any CPU.ActiveCfg = Debug|Any CPU
		{740FDC8E-3CF3-453A-B9FF-D331F79FC5B0}.Debug|Any CPU.Build.0 = Debug|Any CPU
		{740FDC8E-3CF3-453A-B9FF-D331F79FC5B0}.Release|Any CPU.ActiveCfg = Release|Any CPU
		{740FDC8E-3CF3-453A-B9FF-D331F79FC5B0}.Release|Any CPU.Build.0 = Release|Any CPU
	EndGlobalSection
	GlobalSection(SolutionProperties) = preSolution
		HideSolutionNode = FALSE
	EndGlobalSection
	GlobalSection(ExtensibilityGlobals) = postSolution
		SolutionGuid = {F05FA705-5C9C-49E8-914A-D3A728129A79}
	EndGlobalSection
EndGlobal
