
Microsoft Visual Studio Solution File, Format Version 12.00
# Visual Studio Version 17
VisualStudioVersion = 17.8.34316.72
MinimumVisualStudioVersion = 10.0.40219.1
Project("{FAE04EC0-301F-11D3-BF4B-00C04F79EFBC}") = "IUknownInterfaceCalculatorClient", "IUknownInterfaceCalculatorClient.csproj", "{8C413CAF-C3A1-4120-8662-2BB61356B99C}"
EndProject
Global
	GlobalSection(SolutionConfigurationPlatforms) = preSolution
		Debug|Any CPU = Debug|Any CPU
		Release|Any CPU = Release|Any CPU
	EndGlobalSection
	GlobalSection(ProjectConfigurationPlatforms) = postSolution
		{8C413CAF-C3A1-4120-8662-2BB61356B99C}.Debug|Any CPU.ActiveCfg = Debug|Any CPU
		{8C413CAF-C3A1-4120-8662-2BB61356B99C}.Debug|Any CPU.Build.0 = Debug|Any CPU
		{8C413CAF-C3A1-4120-8662-2BB61356B99C}.Release|Any CPU.ActiveCfg = Release|Any CPU
		{8C413CAF-C3A1-4120-8662-2BB61356B99C}.Release|Any CPU.Build.0 = Release|Any CPU
	EndGlobalSection
	GlobalSection(SolutionProperties) = preSolution
		HideSolutionNode = FALSE
	EndGlobalSection
	GlobalSection(ExtensibilityGlobals) = postSolution
		SolutionGuid = {1A51E82A-7E23-44B9-A70F-E3E0CEAD5C8F}
	EndGlobalSection
EndGlobal
