<?xml version="1.0" encoding="utf-8"?>
<Project ToolsVersion="4.0" xmlns="http://schemas.microsoft.com/developer/msbuild/2003">
  <ItemGroup>
    <Filter Include="Source Files">
      <UniqueIdentifier>{c65466de-73de-4e06-8604-6b080f53d899}</UniqueIdentifier>
    </Filter>
    <Filter Include="Generated Files">
      <UniqueIdentifier>{7b9d5cd2-b50e-4a73-9452-cb923efada55}</UniqueIdentifier>
      <SourceControlFiles>False</SourceControlFiles>
    </Filter>
  </ItemGroup>
  <ItemGroup>
    <None Include="CalculatorSvrps.def" />
  </ItemGroup>
  <ItemGroup>
    <ClCompile Include="CalculatorSvr_i.c">
      <Filter>Generated Files</Filter>
    </ClCompile>
    <ClCompile Include="CalculatorSvr_p.c">
      <Filter>Generated Files</Filter>
    </ClCompile>
    <ClCompile Include="dlldata.c">
      <Filter>Generated Files</Filter>
    </ClCompile>
  </ItemGroup>
</Project>