
Microsoft Visual Studio Solution File, Format Version 12.00
# Visual Studio Version 17
VisualStudioVersion = 17.8.34316.72
MinimumVisualStudioVersion = 10.0.40219.1
Project("{FAE04EC0-301F-11D3-BF4B-00C04F79EFBC}") = "PeopleViewer", "PeopleViewer\PeopleViewer.csproj", "{068F7880-21BD-475F-A346-13AB0A23133E}"
EndProject
Project("{9A19103F-16F7-4668-BE54-9A1E7A4F7556}") = "People.Service", "People.Service\People.Service.csproj", "{7DD92A6C-7CB1-4CA2-9CD3-0C95633F198E}"
EndProject
Project("{2150E333-8FDC-42A3-9474-1A3956D46DE8}") = "1-Bootstraper", "1-Bootstraper", "{15C7047A-450E-4269-9F29-96EC321EA848}"
EndProject
Project("{2150E333-8FDC-42A3-9474-1A3956D46DE8}") = "4-DataStorage", "4-DataStorage", "{FF2926BF-8456-4C06-A755-3C3EB61F3DFE}"
EndProject
Project("{2150E333-8FDC-42A3-9474-1A3956D46DE8}") = "3-DataAccess", "3-DataAccess", "{C3D5F2F8-736B-4DCD-B829-8BFED74BA493}"
EndProject
Project("{2150E333-8FDC-42A3-9474-1A3956D46DE8}") = "2-Presentation", "2-Presentation", "{B12AEE66-1494-418E-A0DF-DDDA33E259F1}"
EndProject
Project("{9A19103F-16F7-4668-BE54-9A1E7A4F7556}") = "PeopleViewer.Presentation", "PeopleViewer.Presentation\PeopleViewer.Presentation.csproj", "{952DADE9-B379-4EF2-AA13-781A847818EC}"
EndProject
Project("{9A19103F-16F7-4668-BE54-9A1E7A4F7556}") = "PersonDataReader.Service", "PersonDataReader.Service\PersonDataReader.Service.csproj", "{CA99E8C7-8790-4FA2-9787-C8E5DB9E356E}"
EndProject
Project("{2150E333-8FDC-42A3-9474-1A3956D46DE8}") = "Shared", "Shared", "{27775FC0-A841-491F-AE5E-99BF754C0077}"
EndProject
Project("{9A19103F-16F7-4668-BE54-9A1E7A4F7556}") = "PeopleViewer.Common", "PeopleViewer.Common\PeopleViewer.Common.csproj", "{5D9D9BE8-9C6A-4655-9695-99942577A1D2}"
EndProject
Project("{2150E333-8FDC-42A3-9474-1A3956D46DE8}") = "1-View", "1-View", "{E8A1C8D4-B8C4-45E5-AE11-A4FA0F6BBDD9}"
EndProject
Project("{FAE04EC0-301F-11D3-BF4B-00C04F79EFBC}") = "PeopleViewer.View", "PeopleViewer.View\PeopleViewer.View.csproj", "{57AE10DD-B3F8-42FA-B3FC-FF7937634D9D}"
EndProject
Project("{9A19103F-16F7-4668-BE54-9A1E7A4F7556}") = "PersonDataReader.CSV", "PersonDataReader.CSV\PersonDataReader.CSV.csproj", "{B00CC652-22DE-4E47-89AB-911BD03C4064}"
EndProject
Project("{2150E333-8FDC-42A3-9474-1A3956D46DE8}") = "AdditionalFiles", "AdditionalFiles", "{17842324-542B-4ACD-BFDE-AC4F97ADE242}"
EndProject
Project("{9A19103F-16F7-4668-BE54-9A1E7A4F7556}") = "PersonDataReader.SQL", "PersonDataReader.SQL\PersonDataReader.SQL.csproj", "{C04463A4-58C3-4B58-8888-1214EF16F2F9}"
EndProject
Project("{9A19103F-16F7-4668-BE54-9A1E7A4F7556}") = "PersonDataReader.Decorators", "PersonDataReader.Decorators\PersonDataReader.Decorators.csproj", "{EF78214E-27B7-4B0F-B906-741D40308AD5}"
EndProject
Project("{2150E333-8FDC-42A3-9474-1A3956D46DE8}") = "UnitTests", "UnitTests", "{B0B0E2DB-FA09-47D8-8A50-AEBEB256CFB1}"
EndProject
Project("{9A19103F-16F7-4668-BE54-9A1E7A4F7556}") = "PeopleViewer.Presentation.Tests", "PeopleViewer.Presentation.Tests\PeopleViewer.Presentation.Tests.csproj", "{E7D53161-1E6A-4AC9-BB4B-61E2AE5AD1D3}"
EndProject
Project("{9A19103F-16F7-4668-BE54-9A1E7A4F7556}") = "PersonDataReader.CSV.Tests", "PersonDataReader.CSV.Tests\PersonDataReader.CSV.Tests.csproj", "{53BA53BD-762B-45B5-B85D-197AC40FA7E7}"
EndProject
Project("{FAE04EC0-301F-11D3-BF4B-00C04F79EFBC}") = "PeopleViewer.Ninject", "PeopleViewer.Ninject\PeopleViewer.Ninject.csproj", "{08E081D0-760A-4BED-A1ED-DDA84AAFCD1C}"
EndProject
Project("{FAE04EC0-301F-11D3-BF4B-00C04F79EFBC}") = "PeopleViewer.Autofac", "PeopleViewer.Autofac\PeopleViewer.Autofac.csproj", "{1997D367-7DED-497B-9966-A16A8D269C21}"
EndProject
Project("{FAE04EC0-301F-11D3-BF4B-00C04F79EFBC}") = "PeopleViewer.Autofac.LateBinding", "PeopleViewer.Autofac.LateBinding\PeopleViewer.Autofac.LateBinding.csproj", "{FB1D1F9B-50D9-403B-8F29-43B4A3F421D1}"
EndProject
Global
	GlobalSection(SolutionConfigurationPlatforms) = preSolution
		Debug|Any CPU = Debug|Any CPU
		Release|Any CPU = Release|Any CPU
	EndGlobalSection
	GlobalSection(ProjectConfigurationPlatforms) = postSolution
		{068F7880-21BD-475F-A346-13AB0A23133E}.Debug|Any CPU.ActiveCfg = Debug|Any CPU
		{068F7880-21BD-475F-A346-13AB0A23133E}.Debug|Any CPU.Build.0 = Debug|Any CPU
		{068F7880-21BD-475F-A346-13AB0A23133E}.Release|Any CPU.ActiveCfg = Release|Any CPU
		{068F7880-21BD-475F-A346-13AB0A23133E}.Release|Any CPU.Build.0 = Release|Any CPU
		{7DD92A6C-7CB1-4CA2-9CD3-0C95633F198E}.Debug|Any CPU.ActiveCfg = Debug|Any CPU
		{7DD92A6C-7CB1-4CA2-9CD3-0C95633F198E}.Debug|Any CPU.Build.0 = Debug|Any CPU
		{7DD92A6C-7CB1-4CA2-9CD3-0C95633F198E}.Release|Any CPU.ActiveCfg = Release|Any CPU
		{7DD92A6C-7CB1-4CA2-9CD3-0C95633F198E}.Release|Any CPU.Build.0 = Release|Any CPU
		{952DADE9-B379-4EF2-AA13-781A847818EC}.Debug|Any CPU.ActiveCfg = Debug|Any CPU
		{952DADE9-B379-4EF2-AA13-781A847818EC}.Debug|Any CPU.Build.0 = Debug|Any CPU
		{952DADE9-B379-4EF2-AA13-781A847818EC}.Release|Any CPU.ActiveCfg = Release|Any CPU
		{952DADE9-B379-4EF2-AA13-781A847818EC}.Release|Any CPU.Build.0 = Release|Any CPU
		{CA99E8C7-8790-4FA2-9787-C8E5DB9E356E}.Debug|Any CPU.ActiveCfg = Debug|Any CPU
		{CA99E8C7-8790-4FA2-9787-C8E5DB9E356E}.Debug|Any CPU.Build.0 = Debug|Any CPU
		{CA99E8C7-8790-4FA2-9787-C8E5DB9E356E}.Release|Any CPU.ActiveCfg = Release|Any CPU
		{CA99E8C7-8790-4FA2-9787-C8E5DB9E356E}.Release|Any CPU.Build.0 = Release|Any CPU
		{5D9D9BE8-9C6A-4655-9695-99942577A1D2}.Debug|Any CPU.ActiveCfg = Debug|Any CPU
		{5D9D9BE8-9C6A-4655-9695-99942577A1D2}.Debug|Any CPU.Build.0 = Debug|Any CPU
		{5D9D9BE8-9C6A-4655-9695-99942577A1D2}.Release|Any CPU.ActiveCfg = Release|Any CPU
		{5D9D9BE8-9C6A-4655-9695-99942577A1D2}.Release|Any CPU.Build.0 = Release|Any CPU
		{57AE10DD-B3F8-42FA-B3FC-FF7937634D9D}.Debug|Any CPU.ActiveCfg = Debug|Any CPU
		{57AE10DD-B3F8-42FA-B3FC-FF7937634D9D}.Debug|Any CPU.Build.0 = Debug|Any CPU
		{57AE10DD-B3F8-42FA-B3FC-FF7937634D9D}.Release|Any CPU.ActiveCfg = Release|Any CPU
		{57AE10DD-B3F8-42FA-B3FC-FF7937634D9D}.Release|Any CPU.Build.0 = Release|Any CPU
		{B00CC652-22DE-4E47-89AB-911BD03C4064}.Debug|Any CPU.ActiveCfg = Debug|Any CPU
		{B00CC652-22DE-4E47-89AB-911BD03C4064}.Debug|Any CPU.Build.0 = Debug|Any CPU
		{B00CC652-22DE-4E47-89AB-911BD03C4064}.Release|Any CPU.ActiveCfg = Release|Any CPU
		{B00CC652-22DE-4E47-89AB-911BD03C4064}.Release|Any CPU.Build.0 = Release|Any CPU
		{C04463A4-58C3-4B58-8888-1214EF16F2F9}.Debug|Any CPU.ActiveCfg = Debug|Any CPU
		{C04463A4-58C3-4B58-8888-1214EF16F2F9}.Debug|Any CPU.Build.0 = Debug|Any CPU
		{C04463A4-58C3-4B58-8888-1214EF16F2F9}.Release|Any CPU.ActiveCfg = Release|Any CPU
		{C04463A4-58C3-4B58-8888-1214EF16F2F9}.Release|Any CPU.Build.0 = Release|Any CPU
		{EF78214E-27B7-4B0F-B906-741D40308AD5}.Debug|Any CPU.ActiveCfg = Debug|Any CPU
		{EF78214E-27B7-4B0F-B906-741D40308AD5}.Debug|Any CPU.Build.0 = Debug|Any CPU
		{EF78214E-27B7-4B0F-B906-741D40308AD5}.Release|Any CPU.ActiveCfg = Release|Any CPU
		{EF78214E-27B7-4B0F-B906-741D40308AD5}.Release|Any CPU.Build.0 = Release|Any CPU
		{E7D53161-1E6A-4AC9-BB4B-61E2AE5AD1D3}.Debug|Any CPU.ActiveCfg = Debug|Any CPU
		{E7D53161-1E6A-4AC9-BB4B-61E2AE5AD1D3}.Debug|Any CPU.Build.0 = Debug|Any CPU
		{E7D53161-1E6A-4AC9-BB4B-61E2AE5AD1D3}.Release|Any CPU.ActiveCfg = Release|Any CPU
		{E7D53161-1E6A-4AC9-BB4B-61E2AE5AD1D3}.Release|Any CPU.Build.0 = Release|Any CPU
		{53BA53BD-762B-45B5-B85D-197AC40FA7E7}.Debug|Any CPU.ActiveCfg = Debug|Any CPU
		{53BA53BD-762B-45B5-B85D-197AC40FA7E7}.Debug|Any CPU.Build.0 = Debug|Any CPU
		{53BA53BD-762B-45B5-B85D-197AC40FA7E7}.Release|Any CPU.ActiveCfg = Release|Any CPU
		{53BA53BD-762B-45B5-B85D-197AC40FA7E7}.Release|Any CPU.Build.0 = Release|Any CPU
		{08E081D0-760A-4BED-A1ED-DDA84AAFCD1C}.Debug|Any CPU.ActiveCfg = Debug|Any CPU
		{08E081D0-760A-4BED-A1ED-DDA84AAFCD1C}.Debug|Any CPU.Build.0 = Debug|Any CPU
		{08E081D0-760A-4BED-A1ED-DDA84AAFCD1C}.Release|Any CPU.ActiveCfg = Release|Any CPU
		{08E081D0-760A-4BED-A1ED-DDA84AAFCD1C}.Release|Any CPU.Build.0 = Release|Any CPU
		{1997D367-7DED-497B-9966-A16A8D269C21}.Debug|Any CPU.ActiveCfg = Debug|Any CPU
		{1997D367-7DED-497B-9966-A16A8D269C21}.Debug|Any CPU.Build.0 = Debug|Any CPU
		{1997D367-7DED-497B-9966-A16A8D269C21}.Release|Any CPU.ActiveCfg = Release|Any CPU
		{1997D367-7DED-497B-9966-A16A8D269C21}.Release|Any CPU.Build.0 = Release|Any CPU
		{FB1D1F9B-50D9-403B-8F29-43B4A3F421D1}.Debug|Any CPU.ActiveCfg = Debug|Any CPU
		{FB1D1F9B-50D9-403B-8F29-43B4A3F421D1}.Debug|Any CPU.Build.0 = Debug|Any CPU
		{FB1D1F9B-50D9-403B-8F29-43B4A3F421D1}.Release|Any CPU.ActiveCfg = Release|Any CPU
		{FB1D1F9B-50D9-403B-8F29-43B4A3F421D1}.Release|Any CPU.Build.0 = Release|Any CPU
	EndGlobalSection
	GlobalSection(SolutionProperties) = preSolution
		HideSolutionNode = FALSE
	EndGlobalSection
	GlobalSection(NestedProjects) = preSolution
		{068F7880-21BD-475F-A346-13AB0A23133E} = {15C7047A-450E-4269-9F29-96EC321EA848}
		{7DD92A6C-7CB1-4CA2-9CD3-0C95633F198E} = {FF2926BF-8456-4C06-A755-3C3EB61F3DFE}
		{952DADE9-B379-4EF2-AA13-781A847818EC} = {B12AEE66-1494-418E-A0DF-DDDA33E259F1}
		{CA99E8C7-8790-4FA2-9787-C8E5DB9E356E} = {C3D5F2F8-736B-4DCD-B829-8BFED74BA493}
		{5D9D9BE8-9C6A-4655-9695-99942577A1D2} = {27775FC0-A841-491F-AE5E-99BF754C0077}
		{E8A1C8D4-B8C4-45E5-AE11-A4FA0F6BBDD9} = {15C7047A-450E-4269-9F29-96EC321EA848}
		{57AE10DD-B3F8-42FA-B3FC-FF7937634D9D} = {E8A1C8D4-B8C4-45E5-AE11-A4FA0F6BBDD9}
		{B00CC652-22DE-4E47-89AB-911BD03C4064} = {C3D5F2F8-736B-4DCD-B829-8BFED74BA493}
		{C04463A4-58C3-4B58-8888-1214EF16F2F9} = {C3D5F2F8-736B-4DCD-B829-8BFED74BA493}
		{EF78214E-27B7-4B0F-B906-741D40308AD5} = {C3D5F2F8-736B-4DCD-B829-8BFED74BA493}
		{E7D53161-1E6A-4AC9-BB4B-61E2AE5AD1D3} = {B0B0E2DB-FA09-47D8-8A50-AEBEB256CFB1}
		{53BA53BD-762B-45B5-B85D-197AC40FA7E7} = {B0B0E2DB-FA09-47D8-8A50-AEBEB256CFB1}
		{08E081D0-760A-4BED-A1ED-DDA84AAFCD1C} = {15C7047A-450E-4269-9F29-96EC321EA848}
		{1997D367-7DED-497B-9966-A16A8D269C21} = {15C7047A-450E-4269-9F29-96EC321EA848}
		{FB1D1F9B-50D9-403B-8F29-43B4A3F421D1} = {15C7047A-450E-4269-9F29-96EC321EA848}
	EndGlobalSection
	GlobalSection(ExtensibilityGlobals) = postSolution
		SolutionGuid = {FCF92DCF-3599-4010-BB06-FFF5E0A25037}
	EndGlobalSection
EndGlobal
