
Microsoft Visual Studio Solution File, Format Version 12.00
# Visual Studio Version 17
VisualStudioVersion = 17.8.34316.72
MinimumVisualStudioVersion = 10.0.40219.1
Project("{FAE04EC0-301F-11D3-BF4B-00C04F79EFBC}") = "COMCsMathLibrary", "COMCsMathLibrary.csproj", "{FE149A5D-4352-4DDC-B732-F750E815E7B3}"
EndProject
Global
	GlobalSection(SolutionConfigurationPlatforms) = preSolution
		Debug|Any CPU = Debug|Any CPU
		Release|Any CPU = Release|Any CPU
	EndGlobalSection
	GlobalSection(ProjectConfigurationPlatforms) = postSolution
		{FE149A5D-4352-4DDC-B732-F750E815E7B3}.Debug|Any CPU.ActiveCfg = Debug|Any CPU
		{FE149A5D-4352-4DDC-B732-F750E815E7B3}.Debug|Any CPU.Build.0 = Debug|Any CPU
		{FE149A5D-4352-4DDC-B732-F750E815E7B3}.Release|Any CPU.ActiveCfg = Release|Any CPU
		{FE149A5D-4352-4DDC-B732-F750E815E7B3}.Release|Any CPU.Build.0 = Release|Any CPU
	EndGlobalSection
	GlobalSection(SolutionProperties) = preSolution
		HideSolutionNode = FALSE
	EndGlobalSection
	GlobalSection(ExtensibilityGlobals) = postSolution
		SolutionGuid = {ABE2F6AB-C74D-40B8-9E47-AD3AA025021F}
	EndGlobalSection
EndGlobal
