
Microsoft Visual Studio Solution File, Format Version 12.00
# Visual Studio Version 17
VisualStudioVersion = 17.6.33829.357
MinimumVisualStudioVersion = 10.0.40219.1
Project("{FAE04EC0-301F-11D3-BF4B-00C04F79EFBC}") = "StructAndUnions", "StructAndUnions.csproj", "{845D67E8-FEC5-4334-9B6E-22C72056BAA2}"
EndProject
Global
	GlobalSection(SolutionConfigurationPlatforms) = preSolution
		Debug|Any CPU = Debug|Any CPU
		Release|Any CPU = Release|Any CPU
	EndGlobalSection
	GlobalSection(ProjectConfigurationPlatforms) = postSolution
		{845D67E8-FEC5-4334-9B6E-22C72056BAA2}.Debug|Any CPU.ActiveCfg = Debug|Any CPU
		{845D67E8-FEC5-4334-9B6E-22C72056BAA2}.Debug|Any CPU.Build.0 = Debug|Any CPU
		{845D67E8-FEC5-4334-9B6E-22C72056BAA2}.Release|Any CPU.ActiveCfg = Release|Any CPU
		{845D67E8-FEC5-4334-9B6E-22C72056BAA2}.Release|Any CPU.Build.0 = Release|Any CPU
	EndGlobalSection
	GlobalSection(SolutionProperties) = preSolution
		HideSolutionNode = FALSE
	EndGlobalSection
	GlobalSection(ExtensibilityGlobals) = postSolution
		SolutionGuid = {0F98BE58-38DE-4A37-8C37-E3556BA7AF27}
	EndGlobalSection
EndGlobal
