
Microsoft Visual Studio Solution File, Format Version 12.00
# Visual Studio Version 17
VisualStudioVersion = 17.8.34316.72
MinimumVisualStudioVersion = 10.0.40219.1
Project("{9A19103F-16F7-4668-BE54-9A1E7A4F7556}") = "ThreadJointMethod", "ThreadJointMethod\ThreadJointMethod.csproj", "{AB8E48DF-26FA-46AF-926B-10449F5EBB55}"
EndProject
Project("{9A19103F-16F7-4668-BE54-9A1E7A4F7556}") = "ThreadJoinMethod2", "ThreadJoinMethod2\ThreadJoinMethod2.csproj", "{57DEEE7E-FDE5-4361-AFA4-D3422CA48044}"
EndProject
Project("{FAE04EC0-301F-11D3-BF4B-00C04F79EFBC}") = "TreadsAccessToStaticField", "TreadsAccessToStaticField\TreadsAccessToStaticField.csproj", "{B02E85C0-7FD7-48A8-9887-C15B3E33C641}"
EndProject
Project("{FAE04EC0-301F-11D3-BF4B-00C04F79EFBC}") = "ThreadAbort", "ThreadAbort\ThreadAbort.csproj", "{36D95E2F-6947-4CE3-B07D-A9087A6B0D7A}"
EndProject
Project("{FAE04EC0-301F-11D3-BF4B-00C04F79EFBC}") = "ThreadBackgroundForeground", "ThreadBackgroundForeground\ThreadBackgroundForeground.csproj", "{9C8546B4-B0CD-483B-90E9-9E58A29A90BC}"
EndProject
Global
	GlobalSection(SolutionConfigurationPlatforms) = preSolution
		Debug|Any CPU = Debug|Any CPU
		Release|Any CPU = Release|Any CPU
	EndGlobalSection
	GlobalSection(ProjectConfigurationPlatforms) = postSolution
		{AB8E48DF-26FA-46AF-926B-10449F5EBB55}.Debug|Any CPU.ActiveCfg = Debug|Any CPU
		{AB8E48DF-26FA-46AF-926B-10449F5EBB55}.Debug|Any CPU.Build.0 = Debug|Any CPU
		{AB8E48DF-26FA-46AF-926B-10449F5EBB55}.Release|Any CPU.ActiveCfg = Release|Any CPU
		{AB8E48DF-26FA-46AF-926B-10449F5EBB55}.Release|Any CPU.Build.0 = Release|Any CPU
		{57DEEE7E-FDE5-4361-AFA4-D3422CA48044}.Debug|Any CPU.ActiveCfg = Debug|Any CPU
		{57DEEE7E-FDE5-4361-AFA4-D3422CA48044}.Debug|Any CPU.Build.0 = Debug|Any CPU
		{57DEEE7E-FDE5-4361-AFA4-D3422CA48044}.Release|Any CPU.ActiveCfg = Release|Any CPU
		{57DEEE7E-FDE5-4361-AFA4-D3422CA48044}.Release|Any CPU.Build.0 = Release|Any CPU
		{B02E85C0-7FD7-48A8-9887-C15B3E33C641}.Debug|Any CPU.ActiveCfg = Debug|Any CPU
		{B02E85C0-7FD7-48A8-9887-C15B3E33C641}.Debug|Any CPU.Build.0 = Debug|Any CPU
		{B02E85C0-7FD7-48A8-9887-C15B3E33C641}.Release|Any CPU.ActiveCfg = Release|Any CPU
		{B02E85C0-7FD7-48A8-9887-C15B3E33C641}.Release|Any CPU.Build.0 = Release|Any CPU
		{36D95E2F-6947-4CE3-B07D-A9087A6B0D7A}.Debug|Any CPU.ActiveCfg = Debug|Any CPU
		{36D95E2F-6947-4CE3-B07D-A9087A6B0D7A}.Debug|Any CPU.Build.0 = Debug|Any CPU
		{36D95E2F-6947-4CE3-B07D-A9087A6B0D7A}.Release|Any CPU.ActiveCfg = Release|Any CPU
		{36D95E2F-6947-4CE3-B07D-A9087A6B0D7A}.Release|Any CPU.Build.0 = Release|Any CPU
		{9C8546B4-B0CD-483B-90E9-9E58A29A90BC}.Debug|Any CPU.ActiveCfg = Debug|Any CPU
		{9C8546B4-B0CD-483B-90E9-9E58A29A90BC}.Debug|Any CPU.Build.0 = Debug|Any CPU
		{9C8546B4-B0CD-483B-90E9-9E58A29A90BC}.Release|Any CPU.ActiveCfg = Release|Any CPU
		{9C8546B4-B0CD-483B-90E9-9E58A29A90BC}.Release|Any CPU.Build.0 = Release|Any CPU
	EndGlobalSection
	GlobalSection(SolutionProperties) = preSolution
		HideSolutionNode = FALSE
	EndGlobalSection
	GlobalSection(ExtensibilityGlobals) = postSolution
		SolutionGuid = {867B1F0B-B42B-49AE-AA7A-E00C8B19B8F2}
	EndGlobalSection
EndGlobal
